// !$*UTF8*$!
{
	archiveVersion = 1;
	classes = {
	};
	objectVersion = 50;
	objects = {

/* Begin PBXBuildFile section */
		CFA381A0208C7320003DF73A /* AppDelegate.m in Sources */ = {isa = PBXBuildFile; fileRef = CFA3819F208C7320003DF73A /* AppDelegate.m */; };
		CFA381A3208C7320003DF73A /* ViewController.m in Sources */ = {isa = PBXBuildFile; fileRef = CFA381A2208C7320003DF73A /* ViewController.m */; };
		CFA381A5208C7321003DF73A /* Assets.xcassets in Resources */ = {isa = PBXBuildFile; fileRef = CFA381A4208C7321003DF73A /* Assets.xcassets */; };
		CFA381A8208C7321003DF73A /* Main.storyboard in Resources */ = {isa = PBXBuildFile; fileRef = CFA381A6208C7321003DF73A /* Main.storyboard */; };
		CFA381AB208C7321003DF73A /* main.m in Sources */ = {isa = PBXBuildFile; fileRef = CFA381AA208C7321003DF73A /* main.m */; };
		CFA381B5208C7393003DF73A /* AAPLRenderer.m in Sources */ = {isa = PBXBuildFile; fileRef = CFA381B4208C7393003DF73A /* AAPLRenderer.m */; };
/* End PBXBuildFile section */

/* Begin PBXFileReference section */
		CFA3819B208C7320003DF73A /* 1_devices_and_commands.app */ = {isa = PBXFileReference; explicitFileType = wrapper.application; includeInIndex = 0; path = 1_devices_and_commands.app; sourceTree = BUILT_PRODUCTS_DIR; };
		CFA3819E208C7320003DF73A /* AppDelegate.h */ = {isa = PBXFileReference; lastKnownFileType = sourcecode.c.h; path = AppDelegate.h; sourceTree = "<group>"; };
		CFA3819F208C7320003DF73A /* AppDelegate.m */ = {isa = PBXFileReference; lastKnownFileType = sourcecode.c.objc; path = AppDelegate.m; sourceTree = "<group>"; };
		CFA381A1208C7320003DF73A /* ViewController.h */ = {isa = PBXFileReference; lastKnownFileType = sourcecode.c.h; path = ViewController.h; sourceTree = "<group>"; };
		CFA381A2208C7320003DF73A /* ViewController.m */ = {isa = PBXFileReference; lastKnownFileType = sourcecode.c.objc; path = ViewController.m; sourceTree = "<group>"; };
		CFA381A4208C7321003DF73A /* Assets.xcassets */ = {isa = PBXFileReference; lastKnownFileType = folder.assetcatalog; path = Assets.xcassets; sourceTree = "<group>"; };
		CFA381A7208C7321003DF73A /* Base */ = {isa = PBXFileReference; lastKnownFileType = file.storyboard; name = Base; path = Base.lproj/Main.storyboard; sourceTree = "<group>"; };
		CFA381A9208C7321003DF73A /* Info.plist */ = {isa = PBXFileReference; lastKnownFileType = text.plist.xml; path = Info.plist; sourceTree = "<group>"; };
		CFA381AA208C7321003DF73A /* main.m */ = {isa = PBXFileReference; lastKnownFileType = sourcecode.c.objc; path = main.m; sourceTree = "<group>"; };
		CFA381AC208C7321003DF73A /* MetalTemplate.entitlements */ = {isa = PBXFileReference; lastKnownFileType = text.plist.entitlements; path = MetalTemplate.entitlements; sourceTree = "<group>"; };
		CFA381B3208C7380003DF73A /* AAPLRenderer.h */ = {isa = PBXFileReference; lastKnownFileType = sourcecode.c.h; path = AAPLRenderer.h; sourceTree = "<group>"; };
		CFA381B4208C7393003DF73A /* AAPLRenderer.m */ = {isa = PBXFileReference; lastKnownFileType = sourcecode.c.objc; path = AAPLRenderer.m; sourceTree = "<group>"; };
/* End PBXFileReference section */

/* Begin PBXFrameworksBuildPhase section */
		CFA38198208C7320003DF73A /* Frameworks */ = {
			isa = PBXFrameworksBuildPhase;
			buildActionMask = 2147483647;
			files = (
			);
			runOnlyForDeploymentPostprocessing = 0;
		};
/* End PBXFrameworksBuildPhase section */

/* Begin PBXGroup section */
		CFA38192208C7320003DF73A = {
			isa = PBXGroup;
			children = (
				CFA381B2208C736B003DF73A /* Renderer */,
				CFA3819D208C7320003DF73A /* Application */,
				CFA3819C208C7320003DF73A /* Products */,
			);
			sourceTree = "<group>";
		};
		CFA3819C208C7320003DF73A /* Products */ = {
			isa = PBXGroup;
			children = (
				CFA3819B208C7320003DF73A /* 1_devices_and_commands.app */,
			);
			name = Products;
			sourceTree = "<group>";
		};
		CFA3819D208C7320003DF73A /* Application */ = {
			isa = PBXGroup;
			children = (
				CFA3819E208C7320003DF73A /* AppDelegate.h */,
				CFA3819F208C7320003DF73A /* AppDelegate.m */,
				CFA381A1208C7320003DF73A /* ViewController.h */,
				CFA381A2208C7320003DF73A /* ViewController.m */,
				CFA381A4208C7321003DF73A /* Assets.xcassets */,
				CFA381A6208C7321003DF73A /* Main.storyboard */,
				CFA381A9208C7321003DF73A /* Info.plist */,
				CFA381AA208C7321003DF73A /* main.m */,
				CFA381AC208C7321003DF73A /* MetalTemplate.entitlements */,
			);
			path = Application;
			sourceTree = "<group>";
		};
		CFA381B2208C736B003DF73A /* Renderer */ = {
			isa = PBXGroup;
			children = (
				CFA381B3208C7380003DF73A /* AAPLRenderer.h */,
				CFA381B4208C7393003DF73A /* AAPLRenderer.m */,
			);
			path = Renderer;
			sourceTree = "<group>";
		};
/* End PBXGroup section */

/* Begin PBXNativeTarget section */
		CFA3819A208C7320003DF73A /* 1_devices_and_commands */ = {
			isa = PBXNativeTarget;
			buildConfigurationList = CFA381AF208C7321003DF73A /* Build configuration list for PBXNativeTarget "1_devices_and_commands" */;
			buildPhases = (
				CFA38197208C7320003DF73A /* Sources */,
				CFA38198208C7320003DF73A /* Frameworks */,
				CFA38199208C7320003DF73A /* Resources */,
			);
			buildRules = (
			);
			dependencies = (
			);
			name = 1_devices_and_commands;
			productName = MetalTemplate;
			productReference = CFA3819B208C7320003DF73A /* 1_devices_and_commands.app */;
			productType = "com.apple.product-type.application";
		};
/* End PBXNativeTarget section */

/* Begin PBXProject section */
		CFA38193208C7320003DF73A /* Project object */ = {
			isa = PBXProject;
			attributes = {
				LastUpgradeCheck = 0930;
				ORGANIZATIONNAME = "Adam Chomicki";
				TargetAttributes = {
					CFA3819A208C7320003DF73A = {
						CreatedOnToolsVersion = 9.3;
					};
				};
			};
			buildConfigurationList = CFA38196208C7320003DF73A /* Build configuration list for PBXProject "1_devices_and_commands" */;
			compatibilityVersion = "Xcode 9.3";
			developmentRegion = en;
			hasScannedForEncodings = 0;
			knownRegions = (
				en,
				Base,
			);
			mainGroup = CFA38192208C7320003DF73A;
			productRefGroup = CFA3819C208C7320003DF73A /* Products */;
			projectDirPath = "";
			projectRoot = "";
			targets = (
				CFA3819A208C7320003DF73A /* 1_devices_and_commands */,
			);
		};
/* End PBXProject section */

/* Begin PBXResourcesBuildPhase section */
		CFA38199208C7320003DF73A /* Resources */ = {
			isa = PBXResourcesBuildPhase;
			buildActionMask = 2147483647;
			files = (
				CFA381A5208C7321003DF73A /* Assets.xcassets in Resources */,
				CFA381A8208C7321003DF73A /* Main.storyboard in Resources */,
			);
			runOnlyForDeploymentPostprocessing = 0;
		};
/* End PBXResourcesBuildPhase section */

/* Begin PBXSourcesBuildPhase section */
		CFA38197208C7320003DF73A /* Sources */ = {
			isa = PBXSourcesBuildPhase;
			buildActionMask = 2147483647;
			files = (
				CFA381A3208C7320003DF73A /* ViewController.m in Sources */,
				CFA381AB208C7321003DF73A /* main.m in Sources */,
				CFA381B5208C7393003DF73A /* AAPLRenderer.m in Sources */,
				CFA381A0208C7320003DF73A /* AppDelegate.m in Sources */,
			);
			runOnlyForDeploymentPostprocessing = 0;
		};
/* End PBXSourcesBuildPhase section */

/* Begin PBXVariantGroup section */
		CFA381A6208C7321003DF73A /* Main.storyboard */ = {
			isa = PBXVariantGroup;
			children = (
				CFA381A7208C7321003DF73A /* Base */,
			);
			name = Main.storyboard;
			sourceTree = "<group>";
		};
/* End PBXVariantGroup section */

/* Begin XCBuildConfiguration section */
		CFA381AD208C7321003DF73A /* Debug */ = {
			isa = XCBuildConfiguration;
			buildSettings = {
				ALWAYS_SEARCH_USER_PATHS = NO;
				CLANG_ANALYZER_NONNULL = YES;
				CLANG_ANALYZER_NUMBER_OBJECT_CONVERSION = YES_AGGRESSIVE;
				CLANG_CXX_LANGUAGE_STANDARD = "gnu++14";
				CLANG_CXX_LIBRARY = "libc++";
				CLANG_ENABLE_MODULES = YES;
				CLANG_ENABLE_OBJC_ARC = YES;
				CLANG_ENABLE_OBJC_WEAK = YES;
				CLANG_WARN_BLOCK_CAPTURE_AUTORELEASING = YES;
				CLANG_WARN_BOOL_CONVERSION = YES;
				CLANG_WARN_COMMA = YES;
				CLANG_WARN_CONSTANT_CONVERSION = YES;
				CLANG_WARN_DEPRECATED_OBJC_IMPLEMENTATIONS = YES;
				CLANG_WARN_DIRECT_OBJC_ISA_USAGE = YES_ERROR;
				CLANG_WARN_DOCUMENTATION_COMMENTS = YES;
				CLANG_WARN_EMPTY_BODY = YES;
				CLANG_WARN_ENUM_CONVERSION = YES;
				CLANG_WARN_INFINITE_RECURSION = YES;
				CLANG_WARN_INT_CONVERSION = YES;
				CLANG_WARN_NON_LITERAL_NULL_CONVERSION = YES;
				CLANG_WARN_OBJC_IMPLICIT_RETAIN_SELF = YES;
				CLANG_WARN_OBJC_LITERAL_CONVERSION = YES;
				CLANG_WARN_OBJC_ROOT_CLASS = YES_ERROR;
				CLANG_WARN_RANGE_LOOP_ANALYSIS = YES;
				CLANG_WARN_STRICT_PROTOTYPES = YES;
				CLANG_WARN_SUSPICIOUS_MOVE = YES;
				CLANG_WARN_UNGUARDED_AVAILABILITY = YES_AGGRESSIVE;
				CLANG_WARN_UNREACHABLE_CODE = YES;
				CLANG_WARN__DUPLICATE_METHOD_MATCH = YES;
				CODE_SIGN_IDENTITY = "";
				COPY_PHASE_STRIP = NO;
				DEBUG_INFORMATION_FORMAT = dwarf;
				ENABLE_STRICT_OBJC_MSGSEND = YES;
				ENABLE_TESTABILITY = YES;
				GCC_C_LANGUAGE_STANDARD = gnu11;
				GCC_DYNAMIC_NO_PIC = NO;
				GCC_NO_COMMON_BLOCKS = YES;
				GCC_OPTIMIZATION_LEVEL = 0;
				GCC_PREPROCESSOR_DEFINITIONS = (
					"DEBUG=1",
					"$(inherited)",
				);
				GCC_WARN_64_TO_32_BIT_CONVERSION = YES;
				GCC_WARN_ABOUT_RETURN_TYPE = YES_ERROR;
				GCC_WARN_UNDECLARED_SELECTOR = YES;
				GCC_WARN_UNINITIALIZED_AUTOS = YES_AGGRESSIVE;
				GCC_WARN_UNUSED_FUNCTION = YES;
				GCC_WARN_UNUSED_VARIABLE = YES;
				MACOSX_DEPLOYMENT_TARGET = 10.13;
				MTL_ENABLE_DEBUG_INFO = YES;
				ONLY_ACTIVE_ARCH = YES;
				SDKROOT = macosx;
			};
			name = Debug;
		};
		CFA381AE208C7321003DF73A /* Release */ = {
			isa = XCBuildConfiguration;
			buildSettings = {
				ALWAYS_SEARCH_USER_PATHS = NO;
				CLANG_ANALYZER_NONNULL = YES;
				CLANG_ANALYZER_NUMBER_OBJECT_CONVERSION = YES_AGGRESSIVE;
				CLANG_CXX_LANGUAGE_STANDARD = "gnu++14";
				CLANG_CXX_LIBRARY = "libc++";
				CLANG_ENABLE_MODULES = YES;
				CLANG_ENABLE_OBJC_ARC = YES;
				CLANG_ENABLE_OBJC_WEAK = YES;
				CLANG_WARN_BLOCK_CAPTURE_AUTORELEASING = YES;
				CLANG_WARN_BOOL_CONVERSION = YES;
				CLANG_WARN_COMMA = YES;
				CLANG_WARN_CONSTANT_CONVERSION = YES;
				CLANG_WARN_DEPRECATED_OBJC_IMPLEMENTATIONS = YES;
				CLANG_WARN_DIRECT_OBJC_ISA_USAGE = YES_ERROR;
				CLANG_WARN_DOCUMENTATION_COMMENTS = YES;
				CLANG_WARN_EMPTY_BODY = YES;
				CLANG_WARN_ENUM_CONVERSION = YES;
				CLANG_WARN_INFINITE_RECURSION = YES;
				CLANG_WARN_INT_CONVERSION = YES;
				CLANG_WARN_NON_LITERAL_NULL_CONVERSION = YES;
				CLANG_WARN_OBJC_IMPLICIT_RETAIN_SELF = YES;
				CLANG_WARN_OBJC_LITERAL_CONVERSION = YES;
				CLANG_WARN_OBJC_ROOT_CLASS = YES_ERROR;
				CLANG_WARN_RANGE_LOOP_ANALYSIS = YES;
				CLANG_WARN_STRICT_PROTOTYPES = YES;
				CLANG_WARN_SUSPICIOUS_MOVE = YES;
				CLANG_WARN_UNGUARDED_AVAILABILITY = YES_AGGRESSIVE;
				CLANG_WARN_UNREACHABLE_CODE = YES;
				CLANG_WARN__DUPLICATE_METHOD_MATCH = YES;
				CODE_SIGN_IDENTITY = "";
				COPY_PHASE_STRIP = NO;
				DEBUG_INFORMATION_FORMAT = "dwarf-with-dsym";
				ENABLE_NS_ASSERTIONS = NO;
				ENABLE_STRICT_OBJC_MSGSEND = YES;
				GCC_C_LANGUAGE_STANDARD = gnu11;
				GCC_NO_COMMON_BLOCKS = YES;
				GCC_WARN_64_TO_32_BIT_CONVERSION = YES;
				GCC_WARN_ABOUT_RETURN_TYPE = YES_ERROR;
				GCC_WARN_UNDECLARED_SELECTOR = YES;
				GCC_WARN_UNINITIALIZED_AUTOS = YES_AGGRESSIVE;
				GCC_WARN_UNUSED_FUNCTION = YES;
				GCC_WARN_UNUSED_VARIABLE = YES;
				MACOSX_DEPLOYMENT_TARGET = 10.13;
				MTL_ENABLE_DEBUG_INFO = NO;
				SDKROOT = macosx;
			};
			name = Release;
		};
		CFA381B0208C7321003DF73A /* Debug */ = {
			isa = XCBuildConfiguration;
			buildSettings = {
				ASSETCATALOG_COMPILER_APPICON_NAME = AppIcon;
				CODE_SIGN_ENTITLEMENTS = MetalTemplate/MetalTemplate.entitlements;
				CODE_SIGN_IDENTITY = "";
				CODE_SIGN_STYLE = Automatic;
				COMBINE_HIDPI_IMAGES = YES;
				DEVELOPMENT_TEAM = "";
				INFOPLIST_FILE = "$(SRCROOT)/Application/Info.plist";
				LD_RUNPATH_SEARCH_PATHS = (
					"$(inherited)",
					"@executable_path/../Frameworks",
				);
				PRODUCT_BUNDLE_IDENTIFIER = Home.MetalTemplate;
				PRODUCT_NAME = "$(TARGET_NAME)";
				PROVISIONING_PROFILE_SPECIFIER = "";
			};
			name = Debug;
		};
		CFA381B1208C7321003DF73A /* Release */ = {
			isa = XCBuildConfiguration;
			buildSettings = {
				ASSETCATALOG_COMPILER_APPICON_NAME = AppIcon;
				CODE_SIGN_ENTITLEMENTS = MetalTemplate/MetalTemplate.entitlements;
				CODE_SIGN_IDENTITY = "";
				CODE_SIGN_STYLE = Automatic;
				COMBINE_HIDPI_IMAGES = YES;
				DEVELOPMENT_TEAM = "";
				INFOPLIST_FILE = "$(SRCROOT)/Application/Info.plist";
				LD_RUNPATH_SEARCH_PATHS = (
					"$(inherited)",
					"@executable_path/../Frameworks",
				);
				PRODUCT_BUNDLE_IDENTIFIER = Home.MetalTemplate;
				PRODUCT_NAME = "$(TARGET_NAME)";
				PROVISIONING_PROFILE_SPECIFIER = "";
			};
			name = Release;
		};
/* End XCBuildConfiguration section */

/* Begin XCConfigurationList section */
		CFA38196208C7320003DF73A /* Build configuration list for PBXProject "1_devices_and_commands" */ = {
			isa = XCConfigurationList;
			buildConfigurations = (
				CFA381AD208C7321003DF73A /* Debug */,
				CFA381AE208C7321003DF73A /* Release */,
			);
			defaultConfigurationIsVisible = 0;
			defaultConfigurationName = Release;
		};
		CFA381AF208C7321003DF73A /* Build configuration list for PBXNativeTarget "1_devices_and_commands" */ = {
			isa = XCConfigurationList;
			buildConfigurations = (
				CFA381B0208C7321003DF73A /* Debug */,
				CFA381B1208C7321003DF73A /* Release */,
			);
			defaultConfigurationIsVisible = 0;
			defaultConfigurationName = Release;
		};
/* End XCConfigurationList section */
	};
	rootObject = CFA38193208C7320003DF73A /* Project object */;
}
